
Microsoft Visual Studio Solution File, Format Version 12.00
# Visual Studio Version 17
VisualStudioVersion = 17.6.33829.357
MinimumVisualStudioVersion = 10.0.40219.1
Project("{FAE04EC0-301F-11D3-BF4B-00C04F79EFBC}") = "CoreAPI_SP", "CoreAPI_SP.csproj", "{BE592AA1-7C23-428B-A496-4F05DB6E181B}"
EndProject
Global
	GlobalSection(SolutionConfigurationPlatforms) = preSolution
		Debug|Any CPU = Debug|Any CPU
		Release|Any CPU = Release|Any CPU
	EndGlobalSection
	GlobalSection(ProjectConfigurationPlatforms) = postSolution
		{BE592AA1-7C23-428B-A496-4F05DB6E181B}.Debug|Any CPU.ActiveCfg = Debug|Any CPU
		{BE592AA1-7C23-428B-A496-4F05DB6E181B}.Debug|Any CPU.Build.0 = Debug|Any CPU
		{BE592AA1-7C23-428B-A496-4F05DB6E181B}.Release|Any CPU.ActiveCfg = Release|Any CPU
		{BE592AA1-7C23-428B-A496-4F05DB6E181B}.Release|Any CPU.Build.0 = Release|Any CPU
	EndGlobalSection
	GlobalSection(SolutionProperties) = preSolution
		HideSolutionNode = FALSE
	EndGlobalSection
	GlobalSection(ExtensibilityGlobals) = postSolution
		SolutionGuid = {557F2DFE-0153-4658-974C-402A66EAC826}
	EndGlobalSection
EndGlobal
